// !$*UTF8*$!
{
	archiveVersion = 1;
	classes = {
	};
	objectVersion = 46;
	objects = {

/* Begin PBXBuildFile section */
		923578941C6945AD00760BB9 /* AppDelegate.swift in Sources */ = {isa = PBXBuildFile; fileRef = 923578931C6945AD00760BB9 /* AppDelegate.swift */; };
		923578961C6945AD00760BB9 /* ViewController.swift in Sources */ = {isa = PBXBuildFile; fileRef = 923578951C6945AD00760BB9 /* ViewController.swift */; };
		923578991C6945AD00760BB9 /* Main.storyboard in Resources */ = {isa = PBXBuildFile; fileRef = 923578971C6945AD00760BB9 /* Main.storyboard */; };
		9235789B1C6945AD00760BB9 /* Assets.xcassets in Resources */ = {isa = PBXBuildFile; fileRef = 9235789A1C6945AD00760BB9 /* Assets.xcassets */; };
		9235789E1C6945AD00760BB9 /* LaunchScreen.storyboard in Resources */ = {isa = PBXBuildFile; fileRef = 9235789C1C6945AD00760BB9 /* LaunchScreen.storyboard */; };
		923578A61C694C4700760BB9 /* RotationsModel.swift in Sources */ = {isa = PBXBuildFile; fileRef = 923578A51C694C4700760BB9 /* RotationsModel.swift */; };
		923578A81C69544E00760BB9 /* icon.png in Resources */ = {isa = PBXBuildFile; fileRef = 923578A71C69544E00760BB9 /* icon.png */; };
		923578AA1C6A506300760BB9 /* LaunchModeViewController.swift in Sources */ = {isa = PBXBuildFile; fileRef = 923578A91C6A506300760BB9 /* LaunchModeViewController.swift */; };
/* End PBXBuildFile section */

/* Begin PBXFileReference section */
		923578901C6945AD00760BB9 /* FlipPhone.app */ = {isa = PBXFileReference; explicitFileType = wrapper.application; includeInIndex = 0; path = FlipPhone.app; sourceTree = BUILT_PRODUCTS_DIR; };
		923578931C6945AD00760BB9 /* AppDelegate.swift */ = {isa = PBXFileReference; lastKnownFileType = sourcecode.swift; path = AppDelegate.swift; sourceTree = "<group>"; };
		923578951C6945AD00760BB9 /* ViewController.swift */ = {isa = PBXFileReference; lastKnownFileType = sourcecode.swift; path = ViewController.swift; sourceTree = "<group>"; };
		923578981C6945AD00760BB9 /* Base */ = {isa = PBXFileReference; lastKnownFileType = file.storyboard; name = Base; path = Base.lproj/Main.storyboard; sourceTree = "<group>"; };
		9235789A1C6945AD00760BB9 /* Assets.xcassets */ = {isa = PBXFileReference; lastKnownFileType = folder.assetcatalog; path = Assets.xcassets; sourceTree = "<group>"; };
		9235789D1C6945AD00760BB9 /* Base */ = {isa = PBXFileReference; lastKnownFileType = file.storyboard; name = Base; path = Base.lproj/LaunchScreen.storyboard; sourceTree = "<group>"; };
		9235789F1C6945AD00760BB9 /* Info.plist */ = {isa = PBXFileReference; lastKnownFileType = text.plist.xml; path = Info.plist; sourceTree = "<group>"; };
		923578A51C694C4700760BB9 /* RotationsModel.swift */ = {isa = PBXFileReference; fileEncoding = 4; lastKnownFileType = sourcecode.swift; path = RotationsModel.swift; sourceTree = "<group>"; };
		923578A71C69544E00760BB9 /* icon.png */ = {isa = PBXFileReference; lastKnownFileType = image.png; path = icon.png; sourceTree = "<group>"; };
		923578A91C6A506300760BB9 /* LaunchModeViewController.swift */ = {isa = PBXFileReference; fileEncoding = 4; lastKnownFileType = sourcecode.swift; path = LaunchModeViewController.swift; sourceTree = "<group>"; };
/* End PBXFileReference section */

/* Begin PBXFrameworksBuildPhase section */
		9235788D1C6945AD00760BB9 /* Frameworks */ = {
			isa = PBXFrameworksBuildPhase;
			buildActionMask = 2147483647;
			files = (
			);
			runOnlyForDeploymentPostprocessing = 0;
		};
/* End PBXFrameworksBuildPhase section */

/* Begin PBXGroup section */
		923578871C6945AD00760BB9 = {
			isa = PBXGroup;
			children = (
				923578921C6945AD00760BB9 /* FlipPhone */,
				923578911C6945AD00760BB9 /* Products */,
				923578A71C69544E00760BB9 /* icon.png */,
			);
			sourceTree = "<group>";
		};
		923578911C6945AD00760BB9 /* Products */ = {
			isa = PBXGroup;
			children = (
				923578901C6945AD00760BB9 /* FlipPhone.app */,
			);
			name = Products;
			sourceTree = "<group>";
		};
		923578921C6945AD00760BB9 /* FlipPhone */ = {
			isa = PBXGroup;
			children = (
				923578931C6945AD00760BB9 /* AppDelegate.swift */,
				923578951C6945AD00760BB9 /* ViewController.swift */,
				923578A91C6A506300760BB9 /* LaunchModeViewController.swift */,
				923578A51C694C4700760BB9 /* RotationsModel.swift */,
				923578971C6945AD00760BB9 /* Main.storyboard */,
				9235789A1C6945AD00760BB9 /* Assets.xcassets */,
				9235789C1C6945AD00760BB9 /* LaunchScreen.storyboard */,
				9235789F1C6945AD00760BB9 /* Info.plist */,
			);
			path = FlipPhone;
			sourceTree = "<group>";
		};
/* End PBXGroup section */

/* Begin PBXNativeTarget section */
		9235788F1C6945AD00760BB9 /* FlipPhone */ = {
			isa = PBXNativeTarget;
			buildConfigurationList = 923578A21C6945AD00760BB9 /* Build configuration list for PBXNativeTarget "FlipPhone" */;
			buildPhases = (
				9235788C1C6945AD00760BB9 /* Sources */,
				9235788D1C6945AD00760BB9 /* Frameworks */,
				9235788E1C6945AD00760BB9 /* Resources */,
			);
			buildRules = (
			);
			dependencies = (
			);
			name = FlipPhone;
			productName = FlipPhone;
			productReference = 923578901C6945AD00760BB9 /* FlipPhone.app */;
			productType = "com.apple.product-type.application";
		};
/* End PBXNativeTarget section */

/* Begin PBXProject section */
		923578881C6945AD00760BB9 /* Project object */ = {
			isa = PBXProject;
			attributes = {
				LastSwiftUpdateCheck = 0720;
				LastUpgradeCheck = 0720;
				ORGANIZATIONNAME = Malecks;
				TargetAttributes = {
					9235788F1C6945AD00760BB9 = {
						CreatedOnToolsVersion = 7.2;
						DevelopmentTeam = 57FNV8BFER;
					};
				};
			};
			buildConfigurationList = 9235788B1C6945AD00760BB9 /* Build configuration list for PBXProject "FlipPhone" */;
			compatibilityVersion = "Xcode 3.2";
			developmentRegion = English;
			hasScannedForEncodings = 0;
			knownRegions = (
				en,
				Base,
			);
			mainGroup = 923578871C6945AD00760BB9;
			productRefGroup = 923578911C6945AD00760BB9 /* Products */;
			projectDirPath = "";
			projectRoot = "";
			targets = (
				9235788F1C6945AD00760BB9 /* FlipPhone */,
			);
		};
/* End PBXProject section */

/* Begin PBXResourcesBuildPhase section */
		9235788E1C6945AD00760BB9 /* Resources */ = {
			isa = PBXResourcesBuildPhase;
			buildActionMask = 2147483647;
			files = (
				923578A81C69544E00760BB9 /* icon.png in Resources */,
				9235789E1C6945AD00760BB9 /* LaunchScreen.storyboard in Resources */,
				9235789B1C6945AD00760BB9 /* Assets.xcassets in Resources */,
				923578991C6945AD00760BB9 /* Main.storyboard in Resources */,
			);
			runOnlyForDeploymentPostprocessing = 0;
		};
/* End PBXResourcesBuildPhase section */

/* Begin PBXSourcesBuildPhase section */
		9235788C1C6945AD00760BB9 /* Sources */ = {
			isa = PBXSourcesBuildPhase;
			buildActionMask = 2147483647;
			files = (
				923578AA1C6A506300760BB9 /* LaunchModeViewController.swift in Sources */,
				923578961C6945AD00760BB9 /* ViewController.swift in Sources */,
				923578941C6945AD00760BB9 /* AppDelegate.swift in Sources */,
				923578A61C694C4700760BB9 /* RotationsModel.swift in Sources */,
			);
			runOnlyForDeploymentPostprocessing = 0;
		};
/* End PBXSourcesBuildPhase section */

/* Begin PBXVariantGroup section */
		923578971C6945AD00760BB9 /* Main.storyboard */ = {
			isa = PBXVariantGroup;
			children = (
				923578981C6945AD00760BB9 /* Base */,
			);
			name = Main.storyboard;
			sourceTree = "<group>";
		};
		9235789C1C6945AD00760BB9 /* LaunchScreen.storyboard */ = {
			isa = PBXVariantGroup;
			children = (
				9235789D1C6945AD00760BB9 /* Base */,
			);
			name = LaunchScreen.storyboard;
			sourceTree = "<group>";
		};
/* End PBXVariantGroup section */

/* Begin XCBuildConfiguration section */
		923578A01C6945AD00760BB9 /* Debug */ = {
			isa = XCBuildConfiguration;
			buildSettings = {
				ALWAYS_SEARCH_USER_PATHS = NO;
				CLANG_CXX_LANGUAGE_STANDARD = "gnu++0x";
				CLANG_CXX_LIBRARY = "libc++";
				CLANG_ENABLE_MODULES = YES;
				CLANG_ENABLE_OBJC_ARC = YES;
				CLANG_WARN_BOOL_CONVERSION = YES;
				CLANG_WARN_CONSTANT_CONVERSION = YES;
				CLANG_WARN_DIRECT_OBJC_ISA_USAGE = YES_ERROR;
				CLANG_WARN_EMPTY_BODY = YES;
				CLANG_WARN_ENUM_CONVERSION = YES;
				CLANG_WARN_INT_CONVERSION = YES;
				CLANG_WARN_OBJC_ROOT_CLASS = YES_ERROR;
				CLANG_WARN_UNREACHABLE_CODE = YES;
				CLANG_WARN__DUPLICATE_METHOD_MATCH = YES;
				"CODE_SIGN_IDENTITY[sdk=iphoneos*]" = "iPhone Developer";
				COPY_PHASE_STRIP = NO;
				DEBUG_INFORMATION_FORMAT = dwarf;
				ENABLE_STRICT_OBJC_MSGSEND = YES;
				ENABLE_TESTABILITY = YES;
				GCC_C_LANGUAGE_STANDARD = gnu99;
				GCC_DYNAMIC_NO_PIC = NO;
				GCC_NO_COMMON_BLOCKS = YES;
				GCC_OPTIMIZATION_LEVEL = 0;
				GCC_PREPROCESSOR_DEFINITIONS = (
					"DEBUG=1",
					"$(inherited)",
				);
				GCC_WARN_64_TO_32_BIT_CONVERSION = YES;
				GCC_WARN_ABOUT_RETURN_TYPE = YES_ERROR;
				GCC_WARN_UNDECLARED_SELECTOR = YES;
				GCC_WARN_UNINITIALIZED_AUTOS = YES_AGGRESSIVE;
				GCC_WARN_UNUSED_FUNCTION = YES;
				GCC_WARN_UNUSED_VARIABLE = YES;
				IPHONEOS_DEPLOYMENT_TARGET = 9.2;
				MTL_ENABLE_DEBUG_INFO = YES;
				ONLY_ACTIVE_ARCH = YES;
				SDKROOT = iphoneos;
				SWIFT_OPTIMIZATION_LEVEL = "-Onone";
			};
			name = Debug;
		};
		923578A11C6945AD00760BB9 /* Release */ = {
			isa = XCBuildConfiguration;
			buildSettings = {
				ALWAYS_SEARCH_USER_PATHS = NO;
				CLANG_CXX_LANGUAGE_STANDARD = "gnu++0x";
				CLANG_CXX_LIBRARY = "libc++";
				CLANG_ENABLE_MODULES = YES;
				CLANG_ENABLE_OBJC_ARC = YES;
				CLANG_WARN_BOOL_CONVERSION = YES;
				CLANG_WARN_CONSTANT_CONVERSION = YES;
				CLANG_WARN_DIRECT_OBJC_ISA_USAGE = YES_ERROR;
				CLANG_WARN_EMPTY_BODY = YES;
				CLANG_WARN_ENUM_CONVERSION = YES;
				CLANG_WARN_INT_CONVERSION = YES;
				CLANG_WARN_OBJC_ROOT_CLASS = YES_ERROR;
				CLANG_WARN_UNREACHABLE_CODE = YES;
				CLANG_WARN__DUPLICATE_METHOD_MATCH = YES;
				"CODE_SIGN_IDENTITY[sdk=iphoneos*]" = "iPhone Developer";
				COPY_PHASE_STRIP = NO;
				DEBUG_INFORMATION_FORMAT = "dwarf-with-dsym";
				ENABLE_NS_ASSERTIONS = NO;
				ENABLE_STRICT_OBJC_MSGSEND = YES;
				GCC_C_LANGUAGE_STANDARD = gnu99;
				GCC_NO_COMMON_BLOCKS = YES;
				GCC_WARN_64_TO_32_BIT_CONVERSION = YES;
				GCC_WARN_ABOUT_RETURN_TYPE = YES_ERROR;
				GCC_WARN_UNDECLARED_SELECTOR = YES;
				GCC_WARN_UNINITIALIZED_AUTOS = YES_AGGRESSIVE;
				GCC_WARN_UNUSED_FUNCTION = YES;
				GCC_WARN_UNUSED_VARIABLE = YES;
				IPHONEOS_DEPLOYMENT_TARGET = 9.2;
				MTL_ENABLE_DEBUG_INFO = NO;
				SDKROOT = iphoneos;
				VALIDATE_PRODUCT = YES;
			};
			name = Release;
		};
		923578A31C6945AD00760BB9 /* Debug */ = {
			isa = XCBuildConfiguration;
			buildSettings = {
				ASSETCATALOG_COMPILER_APPICON_NAME = AppIcon;
				INFOPLIST_FILE = FlipPhone/Info.plist;
				LD_RUNPATH_SEARCH_PATHS = "$(inherited) @executable_path/Frameworks";
				PRODUCT_BUNDLE_IDENTIFIER = com.Malecks.FlipPhone;
				PRODUCT_NAME = "$(TARGET_NAME)";
			};
			name = Debug;
		};
		923578A41C6945AD00760BB9 /* Release */ = {
			isa = XCBuildConfiguration;
			buildSettings = {
				ASSETCATALOG_COMPILER_APPICON_NAME = AppIcon;
				INFOPLIST_FILE = FlipPhone/Info.plist;
				LD_RUNPATH_SEARCH_PATHS = "$(inherited) @executable_path/Frameworks";
				PRODUCT_BUNDLE_IDENTIFIER = com.Malecks.FlipPhone;
				PRODUCT_NAME = "$(TARGET_NAME)";
			};
			name = Release;
		};
/* End XCBuildConfiguration section */

/* Begin XCConfigurationList section */
		9235788B1C6945AD00760BB9 /* Build configuration list for PBXProject "FlipPhone" */ = {
			isa = XCConfigurationList;
			buildConfigurations = (
				923578A01C6945AD00760BB9 /* Debug */,
				923578A11C6945AD00760BB9 /* Release */,
			);
			defaultConfigurationIsVisible = 0;
			defaultConfigurationName = Release;
		};
		923578A21C6945AD00760BB9 /* Build configuration list for PBXNativeTarget "FlipPhone" */ = {
			isa = XCConfigurationList;
			buildConfigurations = (
				923578A31C6945AD00760BB9 /* Debug */,
				923578A41C6945AD00760BB9 /* Release */,
			);
			defaultConfigurationIsVisible = 0;
			defaultConfigurationName = Release;
		};
/* End XCConfigurationList section */
	};
	rootObject = 923578881C6945AD00760BB9 /* Project object */;
}
